gitlab.com/david_mbuvi/go_asterisks v0.0.0-20221114073100-4669d8bedcbe h1:XGTTqgiG7bdDYBNmyJ2gj7mEfMAFcTttIUNrNyDNQac=
gitlab.com/david_mbuvi/go_asterisks v0.0.0-20221114073100-4669d8bedcbe/go.mod h1:pzi8WFRQpQ0+S6X7z/mm4FrCY72CK8a4UThn7JgPDzc=
golang.org/x/crypto v0.15.0 h1:frVn1TEaCEaZcn3Tmd7Y2b5KKPaZ+I32Q2OA3kYp5TA=
golang.org/x/crypto v0.15.0/go.mod h1:4ChreQoLWfG3xLDer1WdlH5NdlQ3+mwnQq1YTKY+72g=
golang.org/x/sys v0.15.0 h1:h48lPFYpsTvQJZF4EKyI4aLHaev3CxivZmv7yZig9pc=
golang.org/x/sys v0.15.0/go.mod h1:/VUhepiaJMQUp4+oa/7Zr1D23ma6VTLIYjOOTFZPUcA=
golang.org/x/term v0.14.0 h1:LGK9IlZ8T9jvdy6cTdfKUCltatMFOehAQo9SRC46UQ8=
golang.org/x/term v0.14.0/go.mod h1:TySc+nGkYR6qt8km8wUhuFRTVSMIX3XPR58y2lC8vww=
